// !$*UTF8*$!
{
	archiveVersion = 1;
	classes = {
	};
	objectVersion = 56;
	objects = {

/* Begin PBXBuildFile section */
		A4452AFDAEA879B0FC65DC72 /* Pods_CampingDiary.framework in Frameworks */ = {isa = PBXBuildFile; fileRef = 46DA13D5E5B2F7C60D7CB259 /* Pods_CampingDiary.framework */; };
		AA2D771C2B02563F009B1EAE /* SectionTitleHeaderView.swift in Sources */ = {isa = PBXBuildFile; fileRef = AA2D771B2B02563F009B1EAE /* SectionTitleHeaderView.swift */; };
		AA2D771E2B026642009B1EAE /* DiaryCollectionViewHeaderCell.swift in Sources */ = {isa = PBXBuildFile; fileRef = AA2D771D2B026642009B1EAE /* DiaryCollectionViewHeaderCell.swift */; };
		AA4930C32AF9DE6B008E725E /* SearchMapViewController.swift in Sources */ = {isa = PBXBuildFile; fileRef = AA4930C22AF9DE6B008E725E /* SearchMapViewController.swift */; };
		AA4930C62AF9E35A008E725E /* UITextField+publisher.swift in Sources */ = {isa = PBXBuildFile; fileRef = AA4930C52AF9E35A008E725E /* UITextField+publisher.swift */; };
		AA4930D42AFA072E008E725E /* Moya in Frameworks */ = {isa = PBXBuildFile; productRef = AA4930D32AFA072E008E725E /* Moya */; };
		AA4930D62AFA0796008E725E /* SearchMapViewModel.swift in Sources */ = {isa = PBXBuildFile; fileRef = AA4930D52AFA0796008E725E /* SearchMapViewModel.swift */; };
		AA527AF52B03BE810003A14A /* ImageCollectionViewCell.swift in Sources */ = {isa = PBXBuildFile; fileRef = AA527AF42B03BE810003A14A /* ImageCollectionViewCell.swift */; };
		AA527AF72B03BE9C0003A14A /* ImageCollectionViewHeaderCell.swift in Sources */ = {isa = PBXBuildFile; fileRef = AA527AF62B03BE9C0003A14A /* ImageCollectionViewHeaderCell.swift */; };
		AA5943672AFCC7EF00A7E40A /* Realm in Frameworks */ = {isa = PBXBuildFile; productRef = AA5943662AFCC7EF00A7E40A /* Realm */; };
		AA5943692AFCC7EF00A7E40A /* RealmSwift in Frameworks */ = {isa = PBXBuildFile; productRef = AA5943682AFCC7EF00A7E40A /* RealmSwift */; };
		AA6342CC2AFA19750033EFD5 /* LocationDataDTO.swift in Sources */ = {isa = PBXBuildFile; fileRef = AA6342CB2AFA19750033EFD5 /* LocationDataDTO.swift */; };
		AA6342CF2AFA1B800033EFD5 /* Decoder.swift in Sources */ = {isa = PBXBuildFile; fileRef = AA6342CE2AFA1B800033EFD5 /* Decoder.swift */; };
		AA6342D72AFA31300033EFD5 /* ReactiveMoya in Frameworks */ = {isa = PBXBuildFile; productRef = AA6342D62AFA31300033EFD5 /* ReactiveMoya */; };
		AA6342D92AFA31300033EFD5 /* RxMoya in Frameworks */ = {isa = PBXBuildFile; productRef = AA6342D82AFA31300033EFD5 /* RxMoya */; };
		AA6342DC2AFA32770033EFD5 /* RxBlocking in Frameworks */ = {isa = PBXBuildFile; productRef = AA6342DB2AFA32770033EFD5 /* RxBlocking */; };
		AA6342DE2AFA32770033EFD5 /* RxBlocking-Dynamic in Frameworks */ = {isa = PBXBuildFile; productRef = AA6342DD2AFA32770033EFD5 /* RxBlocking-Dynamic */; };
		AA6342E02AFA32770033EFD5 /* RxCocoa in Frameworks */ = {isa = PBXBuildFile; productRef = AA6342DF2AFA32770033EFD5 /* RxCocoa */; };
		AA6342E22AFA32770033EFD5 /* RxCocoa-Dynamic in Frameworks */ = {isa = PBXBuildFile; productRef = AA6342E12AFA32770033EFD5 /* RxCocoa-Dynamic */; };
		AA6342E42AFA32770033EFD5 /* RxRelay in Frameworks */ = {isa = PBXBuildFile; productRef = AA6342E32AFA32770033EFD5 /* RxRelay */; };
		AA67AD902AFB912500F01DE6 /* DataManager.swift in Sources */ = {isa = PBXBuildFile; fileRef = AA67AD8F2AFB912500F01DE6 /* DataManager.swift */; };
		AA6820022AF780FE00464B97 /* AppDelegate.swift in Sources */ = {isa = PBXBuildFile; fileRef = AA6820012AF780FE00464B97 /* AppDelegate.swift */; };
		AA6820042AF780FE00464B97 /* SceneDelegate.swift in Sources */ = {isa = PBXBuildFile; fileRef = AA6820032AF780FE00464B97 /* SceneDelegate.swift */; };
		AA6820062AF780FE00464B97 /* HomeViewController.swift in Sources */ = {isa = PBXBuildFile; fileRef = AA6820052AF780FE00464B97 /* HomeViewController.swift */; };
		AA68200B2AF780FF00464B97 /* Assets.xcassets in Resources */ = {isa = PBXBuildFile; fileRef = AA68200A2AF780FF00464B97 /* Assets.xcassets */; };
		AA68200E2AF780FF00464B97 /* LaunchScreen.storyboard in Resources */ = {isa = PBXBuildFile; fileRef = AA68200C2AF780FF00464B97 /* LaunchScreen.storyboard */; };
		AA7830D42AF935840046FF85 /* SearchMapView.swift in Sources */ = {isa = PBXBuildFile; fileRef = AA7830D32AF935840046FF85 /* SearchMapView.swift */; };
		AA87E4242AFDF589005C8317 /* DataTransferObject.swift in Sources */ = {isa = PBXBuildFile; fileRef = AA87E4232AFDF588005C8317 /* DataTransferObject.swift */; };
		AA87E4272AFDF6B0005C8317 /* Location.swift in Sources */ = {isa = PBXBuildFile; fileRef = AA87E4262AFDF6B0005C8317 /* Location.swift */; };
		AA87E42B2AFE0D99005C8317 /* BookmarkCollectionViewCell.swift in Sources */ = {isa = PBXBuildFile; fileRef = AA87E42A2AFE0D99005C8317 /* BookmarkCollectionViewCell.swift */; };
		AA87E42F2AFE1362005C8317 /* HomeViewModel.swift in Sources */ = {isa = PBXBuildFile; fileRef = AA87E42E2AFE1362005C8317 /* HomeViewModel.swift */; };
		AA87E4312AFE17CD005C8317 /* DiaryCollectionViewCell.swift in Sources */ = {isa = PBXBuildFile; fileRef = AA87E4302AFE17CD005C8317 /* DiaryCollectionViewCell.swift */; };
		AA87E4332AFE1A0B005C8317 /* Diary.swift in Sources */ = {isa = PBXBuildFile; fileRef = AA87E4322AFE1A0B005C8317 /* Diary.swift */; };
		AABF40242B03877300232A5A /* DiaryViewController.swift in Sources */ = {isa = PBXBuildFile; fileRef = AABF40232B03877300232A5A /* DiaryViewController.swift */; };
		AACE19FC2AFCB07E00DE307F /* DataAccessObject.swift in Sources */ = {isa = PBXBuildFile; fileRef = AACE19FB2AFCB07E00DE307F /* DataAccessObject.swift */; };
		AACE1A002AFCB1DB00DE307F /* LocationItemDAO.swift in Sources */ = {isa = PBXBuildFile; fileRef = AACE19FF2AFCB1DB00DE307F /* LocationItemDAO.swift */; };
		AACE1A022AFCBCA100DE307F /* RealmManager.swift in Sources */ = {isa = PBXBuildFile; fileRef = AACE1A012AFCBCA100DE307F /* RealmManager.swift */; };
		AAD91F812AFA617300AD26E0 /* SearchMapViewTableViewCell.swift in Sources */ = {isa = PBXBuildFile; fileRef = AAD91F802AFA617300AD26E0 /* SearchMapViewTableViewCell.swift */; };
		AAD91F862AFA681300AD26E0 /* Constant.swift in Sources */ = {isa = PBXBuildFile; fileRef = AAD91F852AFA681300AD26E0 /* Constant.swift */; };
		AAD91F882AFA6A8C00AD26E0 /* String+.swift in Sources */ = {isa = PBXBuildFile; fileRef = AAD91F872AFA6A8C00AD26E0 /* String+.swift */; };
		AAE62DB52AFA7563004DCD67 /* UserAPI.swift in Sources */ = {isa = PBXBuildFile; fileRef = AAE62DB42AFA7563004DCD67 /* UserAPI.swift */; };
		AAE832EA2AFA4D1D001D4202 /* ReuseIdentifying.swift in Sources */ = {isa = PBXBuildFile; fileRef = AAE832E92AFA4D1D001D4202 /* ReuseIdentifying.swift */; };
/* End PBXBuildFile section */

/* Begin PBXFileReference section */
		46DA13D5E5B2F7C60D7CB259 /* Pods_CampingDiary.framework */ = {isa = PBXFileReference; explicitFileType = wrapper.framework; includeInIndex = 0; path = Pods_CampingDiary.framework; sourceTree = BUILT_PRODUCTS_DIR; };
		A3E07F4CD225E6626D2AF97A /* Pods-CampingDiary.release.xcconfig */ = {isa = PBXFileReference; includeInIndex = 1; lastKnownFileType = text.xcconfig; name = "Pods-CampingDiary.release.xcconfig"; path = "Target Support Files/Pods-CampingDiary/Pods-CampingDiary.release.xcconfig"; sourceTree = "<group>"; };
		AA2D771B2B02563F009B1EAE /* SectionTitleHeaderView.swift */ = {isa = PBXFileReference; lastKnownFileType = sourcecode.swift; path = SectionTitleHeaderView.swift; sourceTree = "<group>"; };
		AA2D771D2B026642009B1EAE /* DiaryCollectionViewHeaderCell.swift */ = {isa = PBXFileReference; lastKnownFileType = sourcecode.swift; path = DiaryCollectionViewHeaderCell.swift; sourceTree = "<group>"; };
		AA4930C22AF9DE6B008E725E /* SearchMapViewController.swift */ = {isa = PBXFileReference; lastKnownFileType = sourcecode.swift; path = SearchMapViewController.swift; sourceTree = "<group>"; };
		AA4930C52AF9E35A008E725E /* UITextField+publisher.swift */ = {isa = PBXFileReference; lastKnownFileType = sourcecode.swift; path = "UITextField+publisher.swift"; sourceTree = "<group>"; };
		AA4930D52AFA0796008E725E /* SearchMapViewModel.swift */ = {isa = PBXFileReference; lastKnownFileType = sourcecode.swift; path = SearchMapViewModel.swift; sourceTree = "<group>"; };
		AA527AF42B03BE810003A14A /* ImageCollectionViewCell.swift */ = {isa = PBXFileReference; lastKnownFileType = sourcecode.swift; path = ImageCollectionViewCell.swift; sourceTree = "<group>"; };
		AA527AF62B03BE9C0003A14A /* ImageCollectionViewHeaderCell.swift */ = {isa = PBXFileReference; lastKnownFileType = sourcecode.swift; path = ImageCollectionViewHeaderCell.swift; sourceTree = "<group>"; };
		AA6342CB2AFA19750033EFD5 /* LocationDataDTO.swift */ = {isa = PBXFileReference; lastKnownFileType = sourcecode.swift; path = LocationDataDTO.swift; sourceTree = "<group>"; };
		AA6342CE2AFA1B800033EFD5 /* Decoder.swift */ = {isa = PBXFileReference; lastKnownFileType = sourcecode.swift; path = Decoder.swift; sourceTree = "<group>"; };
		AA67AD8F2AFB912500F01DE6 /* DataManager.swift */ = {isa = PBXFileReference; lastKnownFileType = sourcecode.swift; path = DataManager.swift; sourceTree = "<group>"; };
		AA681FFE2AF780FE00464B97 /* CampingDiary.app */ = {isa = PBXFileReference; explicitFileType = wrapper.application; includeInIndex = 0; path = CampingDiary.app; sourceTree = BUILT_PRODUCTS_DIR; };
		AA6820012AF780FE00464B97 /* AppDelegate.swift */ = {isa = PBXFileReference; lastKnownFileType = sourcecode.swift; path = AppDelegate.swift; sourceTree = "<group>"; };
		AA6820032AF780FE00464B97 /* SceneDelegate.swift */ = {isa = PBXFileReference; lastKnownFileType = sourcecode.swift; path = SceneDelegate.swift; sourceTree = "<group>"; };
		AA6820052AF780FE00464B97 /* HomeViewController.swift */ = {isa = PBXFileReference; lastKnownFileType = sourcecode.swift; path = HomeViewController.swift; sourceTree = "<group>"; };
		AA68200A2AF780FF00464B97 /* Assets.xcassets */ = {isa = PBXFileReference; lastKnownFileType = folder.assetcatalog; path = Assets.xcassets; sourceTree = "<group>"; };
		AA68200D2AF780FF00464B97 /* Base */ = {isa = PBXFileReference; lastKnownFileType = file.storyboard; name = Base; path = Base.lproj/LaunchScreen.storyboard; sourceTree = "<group>"; };
		AA68200F2AF780FF00464B97 /* Info.plist */ = {isa = PBXFileReference; lastKnownFileType = text.plist.xml; path = Info.plist; sourceTree = "<group>"; };
		AA7830D32AF935840046FF85 /* SearchMapView.swift */ = {isa = PBXFileReference; lastKnownFileType = sourcecode.swift; path = SearchMapView.swift; sourceTree = "<group>"; };
		AA87E4232AFDF588005C8317 /* DataTransferObject.swift */ = {isa = PBXFileReference; lastKnownFileType = sourcecode.swift; path = DataTransferObject.swift; sourceTree = "<group>"; };
		AA87E4262AFDF6B0005C8317 /* Location.swift */ = {isa = PBXFileReference; lastKnownFileType = sourcecode.swift; path = Location.swift; sourceTree = "<group>"; };
		AA87E42A2AFE0D99005C8317 /* BookmarkCollectionViewCell.swift */ = {isa = PBXFileReference; lastKnownFileType = sourcecode.swift; path = BookmarkCollectionViewCell.swift; sourceTree = "<group>"; };
		AA87E42E2AFE1362005C8317 /* HomeViewModel.swift */ = {isa = PBXFileReference; lastKnownFileType = sourcecode.swift; path = HomeViewModel.swift; sourceTree = "<group>"; };
		AA87E4302AFE17CD005C8317 /* DiaryCollectionViewCell.swift */ = {isa = PBXFileReference; lastKnownFileType = sourcecode.swift; path = DiaryCollectionViewCell.swift; sourceTree = "<group>"; };
		AA87E4322AFE1A0B005C8317 /* Diary.swift */ = {isa = PBXFileReference; lastKnownFileType = sourcecode.swift; path = Diary.swift; sourceTree = "<group>"; };
		AABF40232B03877300232A5A /* DiaryViewController.swift */ = {isa = PBXFileReference; lastKnownFileType = sourcecode.swift; path = DiaryViewController.swift; sourceTree = "<group>"; };
		AACE19FB2AFCB07E00DE307F /* DataAccessObject.swift */ = {isa = PBXFileReference; lastKnownFileType = sourcecode.swift; path = DataAccessObject.swift; sourceTree = "<group>"; };
		AACE19FF2AFCB1DB00DE307F /* LocationItemDAO.swift */ = {isa = PBXFileReference; lastKnownFileType = sourcecode.swift; path = LocationItemDAO.swift; sourceTree = "<group>"; };
		AACE1A012AFCBCA100DE307F /* RealmManager.swift */ = {isa = PBXFileReference; lastKnownFileType = sourcecode.swift; path = RealmManager.swift; sourceTree = "<group>"; };
		AAD91F802AFA617300AD26E0 /* SearchMapViewTableViewCell.swift */ = {isa = PBXFileReference; lastKnownFileType = sourcecode.swift; path = SearchMapViewTableViewCell.swift; sourceTree = "<group>"; };
		AAD91F852AFA681300AD26E0 /* Constant.swift */ = {isa = PBXFileReference; lastKnownFileType = sourcecode.swift; path = Constant.swift; sourceTree = "<group>"; };
		AAD91F872AFA6A8C00AD26E0 /* String+.swift */ = {isa = PBXFileReference; lastKnownFileType = sourcecode.swift; path = "String+.swift"; sourceTree = "<group>"; };
		AAE62DB42AFA7563004DCD67 /* UserAPI.swift */ = {isa = PBXFileReference; lastKnownFileType = sourcecode.swift; path = UserAPI.swift; sourceTree = "<group>"; };
		AAE832E92AFA4D1D001D4202 /* ReuseIdentifying.swift */ = {isa = PBXFileReference; lastKnownFileType = sourcecode.swift; path = ReuseIdentifying.swift; sourceTree = "<group>"; };
		D63B5224631A1CCA4367C293 /* Pods-CampingDiary.debug.xcconfig */ = {isa = PBXFileReference; includeInIndex = 1; lastKnownFileType = text.xcconfig; name = "Pods-CampingDiary.debug.xcconfig"; path = "Target Support Files/Pods-CampingDiary/Pods-CampingDiary.debug.xcconfig"; sourceTree = "<group>"; };
/* End PBXFileReference section */

/* Begin PBXFrameworksBuildPhase section */
		AA681FFB2AF780FE00464B97 /* Frameworks */ = {
			isa = PBXFrameworksBuildPhase;
			buildActionMask = 2147483647;
			files = (
				A4452AFDAEA879B0FC65DC72 /* Pods_CampingDiary.framework in Frameworks */,
				AA5943692AFCC7EF00A7E40A /* RealmSwift in Frameworks */,
				AA6342E02AFA32770033EFD5 /* RxCocoa in Frameworks */,
				AA6342D92AFA31300033EFD5 /* RxMoya in Frameworks */,
				AA6342E42AFA32770033EFD5 /* RxRelay in Frameworks */,
				AA6342DC2AFA32770033EFD5 /* RxBlocking in Frameworks */,
				AA6342DE2AFA32770033EFD5 /* RxBlocking-Dynamic in Frameworks */,
				AA4930D42AFA072E008E725E /* Moya in Frameworks */,
				AA6342D72AFA31300033EFD5 /* ReactiveMoya in Frameworks */,
				AA5943672AFCC7EF00A7E40A /* Realm in Frameworks */,
				AA6342E22AFA32770033EFD5 /* RxCocoa-Dynamic in Frameworks */,
			);
			runOnlyForDeploymentPostprocessing = 0;
		};
/* End PBXFrameworksBuildPhase section */

/* Begin PBXGroup section */
		37DEEE59A45A9A5564957037 /* Frameworks */ = {
			isa = PBXGroup;
			children = (
				46DA13D5E5B2F7C60D7CB259 /* Pods_CampingDiary.framework */,
			);
			name = Frameworks;
			sourceTree = "<group>";
		};
		92E39803DE3E36609D35876A /* Pods */ = {
			isa = PBXGroup;
			children = (
				D63B5224631A1CCA4367C293 /* Pods-CampingDiary.debug.xcconfig */,
				A3E07F4CD225E6626D2AF97A /* Pods-CampingDiary.release.xcconfig */,
			);
			path = Pods;
			sourceTree = "<group>";
		};
		AA14CD8E2B034C0600D50D6D /* DiaryView */ = {
			isa = PBXGroup;
			children = (
				AABF40232B03877300232A5A /* DiaryViewController.swift */,
				AA527AF42B03BE810003A14A /* ImageCollectionViewCell.swift */,
				AA527AF62B03BE9C0003A14A /* ImageCollectionViewHeaderCell.swift */,
			);
			path = DiaryView;
			sourceTree = "<group>";
		};
		AA4930C42AF9E33D008E725E /* Extension */ = {
			isa = PBXGroup;
			children = (
				AA4930C52AF9E35A008E725E /* UITextField+publisher.swift */,
				AAD91F872AFA6A8C00AD26E0 /* String+.swift */,
			);
			path = Extension;
			sourceTree = "<group>";
		};
		AA4930D72AFA0C29008E725E /* Network */ = {
			isa = PBXGroup;
			children = (
				AAE62DB42AFA7563004DCD67 /* UserAPI.swift */,
			);
			path = Network;
			sourceTree = "<group>";
		};
		AA6342CD2AFA1B6C0033EFD5 /* Utility */ = {
			isa = PBXGroup;
			children = (
				AA4930C42AF9E33D008E725E /* Extension */,
				AAE832E82AFA4D0A001D4202 /* Protocol */,
				AA6342CE2AFA1B800033EFD5 /* Decoder.swift */,
			);
			path = Utility;
			sourceTree = "<group>";
		};
		AA67AD8E2AFB911400F01DE6 /* DataManager */ = {
			isa = PBXGroup;
			children = (
				AA67AD8F2AFB912500F01DE6 /* DataManager.swift */,
			);
			path = DataManager;
			sourceTree = "<group>";
		};
		AA681FF52AF780FE00464B97 = {
			isa = PBXGroup;
			children = (
				AA6820002AF780FE00464B97 /* CampingDiary */,
				AA681FFF2AF780FE00464B97 /* Products */,
				92E39803DE3E36609D35876A /* Pods */,
				37DEEE59A45A9A5564957037 /* Frameworks */,
			);
			sourceTree = "<group>";
		};
		AA681FFF2AF780FE00464B97 /* Products */ = {
			isa = PBXGroup;
			children = (
				AA681FFE2AF780FE00464B97 /* CampingDiary.app */,
			);
			name = Products;
			sourceTree = "<group>";
		};
		AA6820002AF780FE00464B97 /* CampingDiary */ = {
			isa = PBXGroup;
			children = (
				AA7C28362AF8B0910017F7F7 /* Application */,
				AA7C28372AF8B09B0017F7F7 /* Resource */,
				AA6342CD2AFA1B6C0033EFD5 /* Utility */,
				AAD91F842AFA67FE00AD26E0 /* Common */,
				AA4930D72AFA0C29008E725E /* Network */,
				AA959E222AFBFA7B009E8657 /* LocalDatabase */,
				AA67AD8E2AFB911400F01DE6 /* DataManager */,
				AA87E4252AFDF69E005C8317 /* Model */,
				AA7830D22AF935570046FF85 /* SearchMapView */,
				AAA909A02AF932C700DC1479 /* HomeView */,
				AA14CD8E2B034C0600D50D6D /* DiaryView */,
			);
			path = CampingDiary;
			sourceTree = "<group>";
		};
		AA7830D22AF935570046FF85 /* SearchMapView */ = {
			isa = PBXGroup;
			children = (
				AA4930D52AFA0796008E725E /* SearchMapViewModel.swift */,
				AA4930C22AF9DE6B008E725E /* SearchMapViewController.swift */,
				AA7830D32AF935840046FF85 /* SearchMapView.swift */,
				AAD91F802AFA617300AD26E0 /* SearchMapViewTableViewCell.swift */,
			);
			path = SearchMapView;
			sourceTree = "<group>";
		};
		AA7C28362AF8B0910017F7F7 /* Application */ = {
			isa = PBXGroup;
			children = (
				AA6820012AF780FE00464B97 /* AppDelegate.swift */,
				AA6820032AF780FE00464B97 /* SceneDelegate.swift */,
			);
			path = Application;
			sourceTree = "<group>";
		};
		AA7C28372AF8B09B0017F7F7 /* Resource */ = {
			isa = PBXGroup;
			children = (
				AA68200A2AF780FF00464B97 /* Assets.xcassets */,
				AA68200C2AF780FF00464B97 /* LaunchScreen.storyboard */,
				AA68200F2AF780FF00464B97 /* Info.plist */,
			);
			path = Resource;
			sourceTree = "<group>";
		};
		AA87E4252AFDF69E005C8317 /* Model */ = {
			isa = PBXGroup;
			children = (
				AA87E4322AFE1A0B005C8317 /* Diary.swift */,
				AA87E4262AFDF6B0005C8317 /* Location.swift */,
				AACE19FF2AFCB1DB00DE307F /* LocationItemDAO.swift */,
				AA6342CB2AFA19750033EFD5 /* LocationDataDTO.swift */,
				AACE19FB2AFCB07E00DE307F /* DataAccessObject.swift */,
				AA87E4232AFDF588005C8317 /* DataTransferObject.swift */,
			);
			path = Model;
			sourceTree = "<group>";
		};
		AA959E222AFBFA7B009E8657 /* LocalDatabase */ = {
			isa = PBXGroup;
			children = (
				AACE1A012AFCBCA100DE307F /* RealmManager.swift */,
			);
			path = LocalDatabase;
			sourceTree = "<group>";
		};
		AAA909A02AF932C700DC1479 /* HomeView */ = {
			isa = PBXGroup;
			children = (
				AA87E42E2AFE1362005C8317 /* HomeViewModel.swift */,
				AA6820052AF780FE00464B97 /* HomeViewController.swift */,
				AA87E4302AFE17CD005C8317 /* DiaryCollectionViewCell.swift */,
				AA2D771D2B026642009B1EAE /* DiaryCollectionViewHeaderCell.swift */,
				AA87E42A2AFE0D99005C8317 /* BookmarkCollectionViewCell.swift */,
				AA2D771B2B02563F009B1EAE /* SectionTitleHeaderView.swift */,
			);
			path = HomeView;
			sourceTree = "<group>";
		};
		AAD91F842AFA67FE00AD26E0 /* Common */ = {
			isa = PBXGroup;
			children = (
				AAD91F852AFA681300AD26E0 /* Constant.swift */,
			);
			path = Common;
			sourceTree = "<group>";
		};
		AAE832E82AFA4D0A001D4202 /* Protocol */ = {
			isa = PBXGroup;
			children = (
				AAE832E92AFA4D1D001D4202 /* ReuseIdentifying.swift */,
			);
			path = Protocol;
			sourceTree = "<group>";
		};
/* End PBXGroup section */

/* Begin PBXNativeTarget section */
		AA681FFD2AF780FE00464B97 /* CampingDiary */ = {
			isa = PBXNativeTarget;
			buildConfigurationList = AA6820122AF780FF00464B97 /* Build configuration list for PBXNativeTarget "CampingDiary" */;
			buildPhases = (
				765E20E38943A346EAF71956 /* [CP] Check Pods Manifest.lock */,
				AA681FFA2AF780FE00464B97 /* Sources */,
				AA681FFB2AF780FE00464B97 /* Frameworks */,
				AA681FFC2AF780FE00464B97 /* Resources */,
				BEABBD64412C19EC31161D55 /* [CP] Embed Pods Frameworks */,
			);
			buildRules = (
			);
			dependencies = (
			);
			name = CampingDiary;
			packageProductDependencies = (
				AA4930D32AFA072E008E725E /* Moya */,
				AA6342D62AFA31300033EFD5 /* ReactiveMoya */,
				AA6342D82AFA31300033EFD5 /* RxMoya */,
				AA6342DB2AFA32770033EFD5 /* RxBlocking */,
				AA6342DD2AFA32770033EFD5 /* RxBlocking-Dynamic */,
				AA6342DF2AFA32770033EFD5 /* RxCocoa */,
				AA6342E12AFA32770033EFD5 /* RxCocoa-Dynamic */,
				AA6342E32AFA32770033EFD5 /* RxRelay */,
				AA5943662AFCC7EF00A7E40A /* Realm */,
				AA5943682AFCC7EF00A7E40A /* RealmSwift */,
			);
			productName = CampingDiary;
			productReference = AA681FFE2AF780FE00464B97 /* CampingDiary.app */;
			productType = "com.apple.product-type.application";
		};
/* End PBXNativeTarget section */

/* Begin PBXProject section */
		AA681FF62AF780FE00464B97 /* Project object */ = {
			isa = PBXProject;
			attributes = {
				BuildIndependentTargetsInParallel = 1;
				LastSwiftUpdateCheck = 1500;
				LastUpgradeCheck = 1500;
				TargetAttributes = {
					AA681FFD2AF780FE00464B97 = {
						CreatedOnToolsVersion = 15.0;
					};
				};
			};
			buildConfigurationList = AA681FF92AF780FE00464B97 /* Build configuration list for PBXProject "CampingDiary" */;
			compatibilityVersion = "Xcode 14.0";
			developmentRegion = en;
			hasScannedForEncodings = 0;
			knownRegions = (
				en,
				Base,
			);
			mainGroup = AA681FF52AF780FE00464B97;
			packageReferences = (
				AA4930D02AFA072E008E725E /* XCRemoteSwiftPackageReference "Moya" */,
				AA6342DA2AFA32770033EFD5 /* XCRemoteSwiftPackageReference "RxSwift" */,
				AA5943652AFCC7EF00A7E40A /* XCRemoteSwiftPackageReference "realm-swift" */,
			);
			productRefGroup = AA681FFF2AF780FE00464B97 /* Products */;
			projectDirPath = "";
			projectRoot = "";
			targets = (
				AA681FFD2AF780FE00464B97 /* CampingDiary */,
			);
		};
/* End PBXProject section */

/* Begin PBXResourcesBuildPhase section */
		AA681FFC2AF780FE00464B97 /* Resources */ = {
			isa = PBXResourcesBuildPhase;
			buildActionMask = 2147483647;
			files = (
				AA68200E2AF780FF00464B97 /* LaunchScreen.storyboard in Resources */,
				AA68200B2AF780FF00464B97 /* Assets.xcassets in Resources */,
			);
			runOnlyForDeploymentPostprocessing = 0;
		};
/* End PBXResourcesBuildPhase section */

/* Begin PBXShellScriptBuildPhase section */
		765E20E38943A346EAF71956 /* [CP] Check Pods Manifest.lock */ = {
			isa = PBXShellScriptBuildPhase;
			buildActionMask = 2147483647;
			files = (
			);
			inputFileListPaths = (
			);
			inputPaths = (
				"${PODS_PODFILE_DIR_PATH}/Podfile.lock",
				"${PODS_ROOT}/Manifest.lock",
			);
			name = "[CP] Check Pods Manifest.lock";
			outputFileListPaths = (
			);
			outputPaths = (
				"$(DERIVED_FILE_DIR)/Pods-CampingDiary-checkManifestLockResult.txt",
			);
			runOnlyForDeploymentPostprocessing = 0;
			shellPath = /bin/sh;
			shellScript = "diff \"${PODS_PODFILE_DIR_PATH}/Podfile.lock\" \"${PODS_ROOT}/Manifest.lock\" > /dev/null\nif [ $? != 0 ] ; then\n    # print error to STDERR\n    echo \"error: The sandbox is not in sync with the Podfile.lock. Run 'pod install' or update your CocoaPods installation.\" >&2\n    exit 1\nfi\n# This output is used by Xcode 'outputs' to avoid re-running this script phase.\necho \"SUCCESS\" > \"${SCRIPT_OUTPUT_FILE_0}\"\n";
			showEnvVarsInLog = 0;
		};
		BEABBD64412C19EC31161D55 /* [CP] Embed Pods Frameworks */ = {
			isa = PBXShellScriptBuildPhase;
			buildActionMask = 2147483647;
			files = (
			);
			inputFileListPaths = (
				"${PODS_ROOT}/Target Support Files/Pods-CampingDiary/Pods-CampingDiary-frameworks-${CONFIGURATION}-input-files.xcfilelist",
			);
			name = "[CP] Embed Pods Frameworks";
			outputFileListPaths = (
				"${PODS_ROOT}/Target Support Files/Pods-CampingDiary/Pods-CampingDiary-frameworks-${CONFIGURATION}-output-files.xcfilelist",
			);
			runOnlyForDeploymentPostprocessing = 0;
			shellPath = /bin/sh;
			shellScript = "\"${PODS_ROOT}/Target Support Files/Pods-CampingDiary/Pods-CampingDiary-frameworks.sh\"\n";
			showEnvVarsInLog = 0;
		};
/* End PBXShellScriptBuildPhase section */

/* Begin PBXSourcesBuildPhase section */
		AA681FFA2AF780FE00464B97 /* Sources */ = {
			isa = PBXSourcesBuildPhase;
			buildActionMask = 2147483647;
			files = (
				AA527AF52B03BE810003A14A /* ImageCollectionViewCell.swift in Sources */,
				AA67AD902AFB912500F01DE6 /* DataManager.swift in Sources */,
				AA87E42F2AFE1362005C8317 /* HomeViewModel.swift in Sources */,
				AA6342CC2AFA19750033EFD5 /* LocationDataDTO.swift in Sources */,
				AA87E4272AFDF6B0005C8317 /* Location.swift in Sources */,
				AA6820062AF780FE00464B97 /* HomeViewController.swift in Sources */,
				AA7830D42AF935840046FF85 /* SearchMapView.swift in Sources */,
				AA2D771E2B026642009B1EAE /* DiaryCollectionViewHeaderCell.swift in Sources */,
				AACE19FC2AFCB07E00DE307F /* DataAccessObject.swift in Sources */,
				AACE1A022AFCBCA100DE307F /* RealmManager.swift in Sources */,
				AA6820022AF780FE00464B97 /* AppDelegate.swift in Sources */,
				AAE832EA2AFA4D1D001D4202 /* ReuseIdentifying.swift in Sources */,
				AA4930C32AF9DE6B008E725E /* SearchMapViewController.swift in Sources */,
				AACE1A002AFCB1DB00DE307F /* LocationItemDAO.swift in Sources */,
				AA87E42B2AFE0D99005C8317 /* BookmarkCollectionViewCell.swift in Sources */,
				AAD91F882AFA6A8C00AD26E0 /* String+.swift in Sources */,
				AABF40242B03877300232A5A /* DiaryViewController.swift in Sources */,
				AAD91F862AFA681300AD26E0 /* Constant.swift in Sources */,
				AA527AF72B03BE9C0003A14A /* ImageCollectionViewHeaderCell.swift in Sources */,
				AA4930C62AF9E35A008E725E /* UITextField+publisher.swift in Sources */,
				AA6820042AF780FE00464B97 /* SceneDelegate.swift in Sources */,
				AA6342CF2AFA1B800033EFD5 /* Decoder.swift in Sources */,
				AA2D771C2B02563F009B1EAE /* SectionTitleHeaderView.swift in Sources */,
				AAD91F812AFA617300AD26E0 /* SearchMapViewTableViewCell.swift in Sources */,
				AA87E4312AFE17CD005C8317 /* DiaryCollectionViewCell.swift in Sources */,
				AA4930D62AFA0796008E725E /* SearchMapViewModel.swift in Sources */,
				AA87E4242AFDF589005C8317 /* DataTransferObject.swift in Sources */,
				AAE62DB52AFA7563004DCD67 /* UserAPI.swift in Sources */,
				AA87E4332AFE1A0B005C8317 /* Diary.swift in Sources */,
			);
			runOnlyForDeploymentPostprocessing = 0;
		};
/* End PBXSourcesBuildPhase section */

/* Begin PBXVariantGroup section */
		AA68200C2AF780FF00464B97 /* LaunchScreen.storyboard */ = {
			isa = PBXVariantGroup;
			children = (
				AA68200D2AF780FF00464B97 /* Base */,
			);
			name = LaunchScreen.storyboard;
			sourceTree = "<group>";
		};
/* End PBXVariantGroup section */

/* Begin XCBuildConfiguration section */
		AA6820102AF780FF00464B97 /* Debug */ = {
			isa = XCBuildConfiguration;
			buildSettings = {
				ALWAYS_SEARCH_USER_PATHS = NO;
				ASSETCATALOG_COMPILER_GENERATE_SWIFT_ASSET_SYMBOL_EXTENSIONS = YES;
				CLANG_ANALYZER_NONNULL = YES;
				CLANG_ANALYZER_NUMBER_OBJECT_CONVERSION = YES_AGGRESSIVE;
				CLANG_CXX_LANGUAGE_STANDARD = "gnu++20";
				CLANG_ENABLE_MODULES = YES;
				CLANG_ENABLE_OBJC_ARC = YES;
				CLANG_ENABLE_OBJC_WEAK = YES;
				CLANG_WARN_BLOCK_CAPTURE_AUTORELEASING = YES;
				CLANG_WARN_BOOL_CONVERSION = YES;
				CLANG_WARN_COMMA = YES;
				CLANG_WARN_CONSTANT_CONVERSION = YES;
				CLANG_WARN_DEPRECATED_OBJC_IMPLEMENTATIONS = YES;
				CLANG_WARN_DIRECT_OBJC_ISA_USAGE = YES_ERROR;
				CLANG_WARN_DOCUMENTATION_COMMENTS = YES;
				CLANG_WARN_EMPTY_BODY = YES;
				CLANG_WARN_ENUM_CONVERSION = YES;
				CLANG_WARN_INFINITE_RECURSION = YES;
				CLANG_WARN_INT_CONVERSION = YES;
				CLANG_WARN_NON_LITERAL_NULL_CONVERSION = YES;
				CLANG_WARN_OBJC_IMPLICIT_RETAIN_SELF = YES;
				CLANG_WARN_OBJC_LITERAL_CONVERSION = YES;
				CLANG_WARN_OBJC_ROOT_CLASS = YES_ERROR;
				CLANG_WARN_QUOTED_INCLUDE_IN_FRAMEWORK_HEADER = YES;
				CLANG_WARN_RANGE_LOOP_ANALYSIS = YES;
				CLANG_WARN_STRICT_PROTOTYPES = YES;
				CLANG_WARN_SUSPICIOUS_MOVE = YES;
				CLANG_WARN_UNGUARDED_AVAILABILITY = YES_AGGRESSIVE;
				CLANG_WARN_UNREACHABLE_CODE = YES;
				CLANG_WARN__DUPLICATE_METHOD_MATCH = YES;
				COPY_PHASE_STRIP = NO;
				DEBUG_INFORMATION_FORMAT = dwarf;
				ENABLE_STRICT_OBJC_MSGSEND = YES;
				ENABLE_TESTABILITY = YES;
				ENABLE_USER_SCRIPT_SANDBOXING = NO;
				GCC_C_LANGUAGE_STANDARD = gnu17;
				GCC_DYNAMIC_NO_PIC = NO;
				GCC_NO_COMMON_BLOCKS = YES;
				GCC_OPTIMIZATION_LEVEL = 0;
				GCC_PREPROCESSOR_DEFINITIONS = (
					"DEBUG=1",
					"$(inherited)",
				);
				GCC_WARN_64_TO_32_BIT_CONVERSION = YES;
				GCC_WARN_ABOUT_RETURN_TYPE = YES_ERROR;
				GCC_WARN_UNDECLARED_SELECTOR = YES;
				GCC_WARN_UNINITIALIZED_AUTOS = YES_AGGRESSIVE;
				GCC_WARN_UNUSED_FUNCTION = YES;
				GCC_WARN_UNUSED_VARIABLE = YES;
				IPHONEOS_DEPLOYMENT_TARGET = 14.0;
				LOCALIZATION_PREFERS_STRING_CATALOGS = YES;
				MTL_ENABLE_DEBUG_INFO = INCLUDE_SOURCE;
				MTL_FAST_MATH = YES;
				ONLY_ACTIVE_ARCH = YES;
				SDKROOT = iphoneos;
				SWIFT_ACTIVE_COMPILATION_CONDITIONS = "DEBUG $(inherited)";
				SWIFT_OPTIMIZATION_LEVEL = "-Onone";
			};
			name = Debug;
		};
		AA6820112AF780FF00464B97 /* Release */ = {
			isa = XCBuildConfiguration;
			buildSettings = {
				ALWAYS_SEARCH_USER_PATHS = NO;
				ASSETCATALOG_COMPILER_GENERATE_SWIFT_ASSET_SYMBOL_EXTENSIONS = YES;
				CLANG_ANALYZER_NONNULL = YES;
				CLANG_ANALYZER_NUMBER_OBJECT_CONVERSION = YES_AGGRESSIVE;
				CLANG_CXX_LANGUAGE_STANDARD = "gnu++20";
				CLANG_ENABLE_MODULES = YES;
				CLANG_ENABLE_OBJC_ARC = YES;
				CLANG_ENABLE_OBJC_WEAK = YES;
				CLANG_WARN_BLOCK_CAPTURE_AUTORELEASING = YES;
				CLANG_WARN_BOOL_CONVERSION = YES;
				CLANG_WARN_COMMA = YES;
				CLANG_WARN_CONSTANT_CONVERSION = YES;
				CLANG_WARN_DEPRECATED_OBJC_IMPLEMENTATIONS = YES;
				CLANG_WARN_DIRECT_OBJC_ISA_USAGE = YES_ERROR;
				CLANG_WARN_DOCUMENTATION_COMMENTS = YES;
				CLANG_WARN_EMPTY_BODY = YES;
				CLANG_WARN_ENUM_CONVERSION = YES;
				CLANG_WARN_INFINITE_RECURSION = YES;
				CLANG_WARN_INT_CONVERSION = YES;
				CLANG_WARN_NON_LITERAL_NULL_CONVERSION = YES;
				CLANG_WARN_OBJC_IMPLICIT_RETAIN_SELF = YES;
				CLANG_WARN_OBJC_LITERAL_CONVERSION = YES;
				CLANG_WARN_OBJC_ROOT_CLASS = YES_ERROR;
				CLANG_WARN_QUOTED_INCLUDE_IN_FRAMEWORK_HEADER = YES;
				CLANG_WARN_RANGE_LOOP_ANALYSIS = YES;
				CLANG_WARN_STRICT_PROTOTYPES = YES;
				CLANG_WARN_SUSPICIOUS_MOVE = YES;
				CLANG_WARN_UNGUARDED_AVAILABILITY = YES_AGGRESSIVE;
				CLANG_WARN_UNREACHABLE_CODE = YES;
				CLANG_WARN__DUPLICATE_METHOD_MATCH = YES;
				COPY_PHASE_STRIP = NO;
				DEBUG_INFORMATION_FORMAT = "dwarf-with-dsym";
				ENABLE_NS_ASSERTIONS = NO;
				ENABLE_STRICT_OBJC_MSGSEND = YES;
				ENABLE_USER_SCRIPT_SANDBOXING = NO;
				GCC_C_LANGUAGE_STANDARD = gnu17;
				GCC_NO_COMMON_BLOCKS = YES;
				GCC_WARN_64_TO_32_BIT_CONVERSION = YES;
				GCC_WARN_ABOUT_RETURN_TYPE = YES_ERROR;
				GCC_WARN_UNDECLARED_SELECTOR = YES;
				GCC_WARN_UNINITIALIZED_AUTOS = YES_AGGRESSIVE;
				GCC_WARN_UNUSED_FUNCTION = YES;
				GCC_WARN_UNUSED_VARIABLE = YES;
				IPHONEOS_DEPLOYMENT_TARGET = 14.0;
				LOCALIZATION_PREFERS_STRING_CATALOGS = YES;
				MTL_ENABLE_DEBUG_INFO = NO;
				MTL_FAST_MATH = YES;
				SDKROOT = iphoneos;
				SWIFT_COMPILATION_MODE = wholemodule;
				VALIDATE_PRODUCT = YES;
			};
			name = Release;
		};
		AA6820132AF780FF00464B97 /* Debug */ = {
			isa = XCBuildConfiguration;
			baseConfigurationReference = D63B5224631A1CCA4367C293 /* Pods-CampingDiary.debug.xcconfig */;
			buildSettings = {
				ASSETCATALOG_COMPILER_APPICON_NAME = AppIcon;
				ASSETCATALOG_COMPILER_GLOBAL_ACCENT_COLOR_NAME = AccentColor;
				CODE_SIGN_STYLE = Automatic;
				CURRENT_PROJECT_VERSION = 1;
				DEVELOPMENT_TEAM = T868XQH9V2;
				GENERATE_INFOPLIST_FILE = YES;
				INFOPLIST_FILE = CampingDiary/Resource/Info.plist;
				INFOPLIST_KEY_CFBundleDisplayName = CampingDiary;
				INFOPLIST_KEY_UIApplicationSupportsIndirectInputEvents = YES;
				INFOPLIST_KEY_UILaunchStoryboardName = LaunchScreen;
				INFOPLIST_KEY_UISupportedInterfaceOrientations_iPad = "UIInterfaceOrientationPortrait UIInterfaceOrientationPortraitUpsideDown UIInterfaceOrientationLandscapeLeft UIInterfaceOrientationLandscapeRight";
				INFOPLIST_KEY_UISupportedInterfaceOrientations_iPhone = "UIInterfaceOrientationPortrait UIInterfaceOrientationLandscapeLeft UIInterfaceOrientationLandscapeRight";
				IPHONEOS_DEPLOYMENT_TARGET = 14.0;
				LD_RUNPATH_SEARCH_PATHS = (
					"$(inherited)",
					"@executable_path/Frameworks",
				);
				MARKETING_VERSION = 1.0;
				PRODUCT_BUNDLE_IDENTIFIER = hrcho.CampingDiary;
				PRODUCT_NAME = "$(TARGET_NAME)";
				SWIFT_EMIT_LOC_STRINGS = YES;
				SWIFT_VERSION = 5.0;
				TARGETED_DEVICE_FAMILY = "1,2";
			};
			name = Debug;
		};
		AA6820142AF780FF00464B97 /* Release */ = {
			isa = XCBuildConfiguration;
			baseConfigurationReference = A3E07F4CD225E6626D2AF97A /* Pods-CampingDiary.release.xcconfig */;
			buildSettings = {
				ASSETCATALOG_COMPILER_APPICON_NAME = AppIcon;
				ASSETCATALOG_COMPILER_GLOBAL_ACCENT_COLOR_NAME = AccentColor;
				CODE_SIGN_STYLE = Automatic;
				CURRENT_PROJECT_VERSION = 1;
				DEVELOPMENT_TEAM = T868XQH9V2;
				GENERATE_INFOPLIST_FILE = YES;
				INFOPLIST_FILE = CampingDiary/Resource/Info.plist;
				INFOPLIST_KEY_CFBundleDisplayName = CampingDiary;
				INFOPLIST_KEY_UIApplicationSupportsIndirectInputEvents = YES;
				INFOPLIST_KEY_UILaunchStoryboardName = LaunchScreen;
				INFOPLIST_KEY_UISupportedInterfaceOrientations_iPad = "UIInterfaceOrientationPortrait UIInterfaceOrientationPortraitUpsideDown UIInterfaceOrientationLandscapeLeft UIInterfaceOrientationLandscapeRight";
				INFOPLIST_KEY_UISupportedInterfaceOrientations_iPhone = "UIInterfaceOrientationPortrait UIInterfaceOrientationLandscapeLeft UIInterfaceOrientationLandscapeRight";
				IPHONEOS_DEPLOYMENT_TARGET = 14.0;
				LD_RUNPATH_SEARCH_PATHS = (
					"$(inherited)",
					"@executable_path/Frameworks",
				);
				MARKETING_VERSION = 1.0;
				PRODUCT_BUNDLE_IDENTIFIER = hrcho.CampingDiary;
				PRODUCT_NAME = "$(TARGET_NAME)";
				SWIFT_EMIT_LOC_STRINGS = YES;
				SWIFT_VERSION = 5.0;
				TARGETED_DEVICE_FAMILY = "1,2";
			};
			name = Release;
		};
/* End XCBuildConfiguration section */

/* Begin XCConfigurationList section */
		AA681FF92AF780FE00464B97 /* Build configuration list for PBXProject "CampingDiary" */ = {
			isa = XCConfigurationList;
			buildConfigurations = (
				AA6820102AF780FF00464B97 /* Debug */,
				AA6820112AF780FF00464B97 /* Release */,
			);
			defaultConfigurationIsVisible = 0;
			defaultConfigurationName = Release;
		};
		AA6820122AF780FF00464B97 /* Build configuration list for PBXNativeTarget "CampingDiary" */ = {
			isa = XCConfigurationList;
			buildConfigurations = (
				AA6820132AF780FF00464B97 /* Debug */,
				AA6820142AF780FF00464B97 /* Release */,
			);
			defaultConfigurationIsVisible = 0;
			defaultConfigurationName = Release;
		};
/* End XCConfigurationList section */

/* Begin XCRemoteSwiftPackageReference section */
		AA4930D02AFA072E008E725E /* XCRemoteSwiftPackageReference "Moya" */ = {
			isa = XCRemoteSwiftPackageReference;
			repositoryURL = "https://github.com/Moya/Moya";
			requirement = {
				kind = upToNextMajorVersion;
				minimumVersion = 15.0.3;
			};
		};
		AA5943652AFCC7EF00A7E40A /* XCRemoteSwiftPackageReference "realm-swift" */ = {
			isa = XCRemoteSwiftPackageReference;
			repositoryURL = "https://github.com/realm/realm-swift.git";
			requirement = {
				kind = upToNextMajorVersion;
				minimumVersion = 10.44.0;
			};
		};
		AA6342DA2AFA32770033EFD5 /* XCRemoteSwiftPackageReference "RxSwift" */ = {
			isa = XCRemoteSwiftPackageReference;
			repositoryURL = "https://github.com/ReactiveX/RxSwift";
			requirement = {
				kind = upToNextMajorVersion;
				minimumVersion = 6.6.0;
			};
		};
/* End XCRemoteSwiftPackageReference section */

/* Begin XCSwiftPackageProductDependency section */
		AA4930D32AFA072E008E725E /* Moya */ = {
			isa = XCSwiftPackageProductDependency;
			package = AA4930D02AFA072E008E725E /* XCRemoteSwiftPackageReference "Moya" */;
			productName = Moya;
		};
		AA5943662AFCC7EF00A7E40A /* Realm */ = {
			isa = XCSwiftPackageProductDependency;
			package = AA5943652AFCC7EF00A7E40A /* XCRemoteSwiftPackageReference "realm-swift" */;
			productName = Realm;
		};
		AA5943682AFCC7EF00A7E40A /* RealmSwift */ = {
			isa = XCSwiftPackageProductDependency;
			package = AA5943652AFCC7EF00A7E40A /* XCRemoteSwiftPackageReference "realm-swift" */;
			productName = RealmSwift;
		};
		AA6342D62AFA31300033EFD5 /* ReactiveMoya */ = {
			isa = XCSwiftPackageProductDependency;
			package = AA4930D02AFA072E008E725E /* XCRemoteSwiftPackageReference "Moya" */;
			productName = ReactiveMoya;
		};
		AA6342D82AFA31300033EFD5 /* RxMoya */ = {
			isa = XCSwiftPackageProductDependency;
			package = AA4930D02AFA072E008E725E /* XCRemoteSwiftPackageReference "Moya" */;
			productName = RxMoya;
		};
		AA6342DB2AFA32770033EFD5 /* RxBlocking */ = {
			isa = XCSwiftPackageProductDependency;
			package = AA6342DA2AFA32770033EFD5 /* XCRemoteSwiftPackageReference "RxSwift" */;
			productName = RxBlocking;
		};
		AA6342DD2AFA32770033EFD5 /* RxBlocking-Dynamic */ = {
			isa = XCSwiftPackageProductDependency;
			package = AA6342DA2AFA32770033EFD5 /* XCRemoteSwiftPackageReference "RxSwift" */;
			productName = "RxBlocking-Dynamic";
		};
		AA6342DF2AFA32770033EFD5 /* RxCocoa */ = {
			isa = XCSwiftPackageProductDependency;
			package = AA6342DA2AFA32770033EFD5 /* XCRemoteSwiftPackageReference "RxSwift" */;
			productName = RxCocoa;
		};
		AA6342E12AFA32770033EFD5 /* RxCocoa-Dynamic */ = {
			isa = XCSwiftPackageProductDependency;
			package = AA6342DA2AFA32770033EFD5 /* XCRemoteSwiftPackageReference "RxSwift" */;
			productName = "RxCocoa-Dynamic";
		};
		AA6342E32AFA32770033EFD5 /* RxRelay */ = {
			isa = XCSwiftPackageProductDependency;
			package = AA6342DA2AFA32770033EFD5 /* XCRemoteSwiftPackageReference "RxSwift" */;
			productName = RxRelay;
		};
/* End XCSwiftPackageProductDependency section */
	};
	rootObject = AA681FF62AF780FE00464B97 /* Project object */;
}
